
Microsoft Visual Studio Solution File, Format Version 12.00
# Visual Studio Version 17
VisualStudioVersion = 17.9.34701.34
MinimumVisualStudioVersion = 10.0.40219.1
Project("{FAE04EC0-301F-11D3-BF4B-00C04F79EFBC}") = "ResumeRocket", "ResumeRocket\ResumeRocket.csproj", "{7426323C-8B06-4E67-83C7-8C1A6152169E}"
EndProject
Global
	GlobalSection(SolutionConfigurationPlatforms) = preSolution
		Debug|Any CPU = Debug|Any CPU
		Release|Any CPU = Release|Any CPU
	EndGlobalSection
	GlobalSection(ProjectConfigurationPlatforms) = postSolution
		{7426323C-8B06-4E67-83C7-8C1A6152169E}.Debug|Any CPU.ActiveCfg = Debug|Any CPU
		{7426323C-8B06-4E67-83C7-8C1A6152169E}.Debug|Any CPU.Build.0 = Debug|Any CPU
		{7426323C-8B06-4E67-83C7-8C1A6152169E}.Release|Any CPU.ActiveCfg = Release|Any CPU
		{7426323C-8B06-4E67-83C7-8C1A6152169E}.Release|Any CPU.Build.0 = Release|Any CPU
	EndGlobalSection
	GlobalSection(SolutionProperties) = preSolution
		HideSolutionNode = FALSE
	EndGlobalSection
	GlobalSection(ExtensibilityGlobals) = postSolution
		SolutionGuid = {6A018657-7ECF-4985-84C0-8036FD85A82B}
	EndGlobalSection
EndGlobal
